{
  "name": "demo-repo",
  "version": "0.2.0",
  "lockfileVersion": 3,
  "requires": true,
  "packages": {
    "": {
      "name": "demo-repo",
      "version": "0.2.0",
      "license": "MIT",
      "dependencies": {
        "@black1512/npm_github_package": "^0.0.5"
      }
    },
    "node_modules/@black1512/npm_github_package": {
      "version": "0.0.5",
      "resolved": "https://registry.npmjs.org/@black1512/npm_github_package/-/npm_github_package-0.0.5.tgz",
      "integrity": "sha512-KMEKnpFtPs7vMrLGzJzo+8w1m/Pu7gIW6eSi+RA6FG8eijtG4T68mMUpvqNtlwprshqhGPfh7vj5psCY66A8OQ=="
    }
  }
}
