{
  "name": "demo-repo",
  "version": "5.0.0",
  "lockfileVersion": 5,
  "requires": true,
  "packages": {
    "": {
      "name": "demo-repo",
      "version": "5.0.0",
      "license": "MIT",
      "dependencies": {
        "@black1512/npm_github_package": "^5.0.4"
      }
    },
    "node_modules/@black1512/npm_github_package": {
      "version": "5.0.4",
      "resolved": "https://registry.npmjs.org/@black1512/npm_github_package/-/npm_github_package-5.0.4.tgz",
      "integrity": "sha512-BuNbw5yTMHDcbtAMqqkR6mTSIfk7WO/0LZIJLvu+zGu4f2cs8CR5gtuuY50mULpCoZZuWR70FRr0ZXLvLVe4hA=="
    }
  }
}
