{
  "name": "demo-repo",
  "version": "2.0.0",
  "lockfileVersion": 2,
  "requires": true,
  "packages": {
    "": {
      "name": "demo-repo",
      "version": "2.0.0",
      "license": "MIT",
      "dependencies": {
        "@black1512/npm_github_package": "^4.0.0"
      }
    },
    "node_modules/@black1512/npm_github_package": {
      "version": "4.0.0",
      "resolved": "https://registry.npmjs.org/@black1512/npm_github_package/-/npm_github_package-4.0.0.tgz",
      "integrity": "sha512-0xGaU0TOVuFaAO+8vz+/UoggdDGbBKL1JwyUlnnfG5kFjUYaAFCnOSMghJY/0s5T/k66fz4qEPAfFm2MhpdrUA=="
    }
  }
}
